// !$*UTF8*$!
{
	archiveVersion = 1;
	classes = {
	};
	objectVersion = 46;
	objects = {

/* Begin PBXBuildFile section */
		2F213E3E1F53C1AA00FDF731 /* main.m in Sources */ = {isa = PBXBuildFile; fileRef = 2F213E3D1F53C1AA00FDF731 /* main.m */; };
		2F213E411F53C1AA00FDF731 /* AppDelegate.m in Sources */ = {isa = PBXBuildFile; fileRef = 2F213E401F53C1AA00FDF731 /* AppDelegate.m */; };
		2F213E491F53C1AA00FDF731 /* Assets.xcassets in Resources */ = {isa = PBXBuildFile; fileRef = 2F213E481F53C1AA00FDF731 /* Assets.xcassets */; };
		2F213E4C1F53C1AA00FDF731 /* LaunchScreen.storyboard in Resources */ = {isa = PBXBuildFile; fileRef = 2F213E4A1F53C1AA00FDF731 /* LaunchScreen.storyboard */; };
		2F213E561F53C1E600FDF731 /* TabRootViewController.m in Sources */ = {isa = PBXBuildFile; fileRef = 2F213E551F53C1E600FDF731 /* TabRootViewController.m */; };
		2F213E591F53C1F700FDF731 /* MyTabBar.m in Sources */ = {isa = PBXBuildFile; fileRef = 2F213E581F53C1F700FDF731 /* MyTabBar.m */; };
		2F213E5C1F53C28200FDF731 /* HomeViewController.m in Sources */ = {isa = PBXBuildFile; fileRef = 2F213E5B1F53C28200FDF731 /* HomeViewController.m */; };
		2F213E5F1F53C28C00FDF731 /* VideoViewController.m in Sources */ = {isa = PBXBuildFile; fileRef = 2F213E5E1F53C28C00FDF731 /* VideoViewController.m */; };
		2F213E621F53C29C00FDF731 /* MessageViewController.m in Sources */ = {isa = PBXBuildFile; fileRef = 2F213E611F53C29C00FDF731 /* MessageViewController.m */; };
		2F213E651F53C2A100FDF731 /* MineViewController.m in Sources */ = {isa = PBXBuildFile; fileRef = 2F213E641F53C2A100FDF731 /* MineViewController.m */; };
		2F213E681F53C2A800FDF731 /* AddViewController.m in Sources */ = {isa = PBXBuildFile; fileRef = 2F213E671F53C2A800FDF731 /* AddViewController.m */; };
		2F213E6B1F53C2F600FDF731 /* MyNaviViewController.m in Sources */ = {isa = PBXBuildFile; fileRef = 2F213E6A1F53C2F600FDF731 /* MyNaviViewController.m */; };
		2F213E6E1F53E5EE00FDF731 /* UIView+Extension.m in Sources */ = {isa = PBXBuildFile; fileRef = 2F213E6D1F53E5EE00FDF731 /* UIView+Extension.m */; };
		2F213E711F53EE1000FDF731 /* UITabBarItem+Extension.m in Sources */ = {isa = PBXBuildFile; fileRef = 2F213E701F53EE1000FDF731 /* UITabBarItem+Extension.m */; };
		2F213E741F53FC1200FDF731 /* BaseViewController.m in Sources */ = {isa = PBXBuildFile; fileRef = 2F213E731F53FC1200FDF731 /* BaseViewController.m */; };
/* End PBXBuildFile section */

/* Begin PBXFileReference section */
		2F213E391F53C1AA00FDF731 /* GXXP.app */ = {isa = PBXFileReference; explicitFileType = wrapper.application; includeInIndex = 0; path = GXXP.app; sourceTree = BUILT_PRODUCTS_DIR; };
		2F213E3D1F53C1AA00FDF731 /* main.m */ = {isa = PBXFileReference; lastKnownFileType = sourcecode.c.objc; path = main.m; sourceTree = "<group>"; };
		2F213E3F1F53C1AA00FDF731 /* AppDelegate.h */ = {isa = PBXFileReference; lastKnownFileType = sourcecode.c.h; path = AppDelegate.h; sourceTree = "<group>"; };
		2F213E401F53C1AA00FDF731 /* AppDelegate.m */ = {isa = PBXFileReference; lastKnownFileType = sourcecode.c.objc; path = AppDelegate.m; sourceTree = "<group>"; };
		2F213E481F53C1AA00FDF731 /* Assets.xcassets */ = {isa = PBXFileReference; lastKnownFileType = folder.assetcatalog; path = Assets.xcassets; sourceTree = "<group>"; };
		2F213E4B1F53C1AA00FDF731 /* Base */ = {isa = PBXFileReference; lastKnownFileType = file.storyboard; name = Base; path = Base.lproj/LaunchScreen.storyboard; sourceTree = "<group>"; };
		2F213E4D1F53C1AA00FDF731 /* Info.plist */ = {isa = PBXFileReference; lastKnownFileType = text.plist.xml; path = Info.plist; sourceTree = "<group>"; };
		2F213E541F53C1E600FDF731 /* TabRootViewController.h */ = {isa = PBXFileReference; fileEncoding = 4; lastKnownFileType = sourcecode.c.h; path = TabRootViewController.h; sourceTree = "<group>"; };
		2F213E551F53C1E600FDF731 /* TabRootViewController.m */ = {isa = PBXFileReference; fileEncoding = 4; lastKnownFileType = sourcecode.c.objc; path = TabRootViewController.m; sourceTree = "<group>"; };
		2F213E571F53C1F700FDF731 /* MyTabBar.h */ = {isa = PBXFileReference; fileEncoding = 4; lastKnownFileType = sourcecode.c.h; path = MyTabBar.h; sourceTree = "<group>"; };
		2F213E581F53C1F700FDF731 /* MyTabBar.m */ = {isa = PBXFileReference; fileEncoding = 4; lastKnownFileType = sourcecode.c.objc; path = MyTabBar.m; sourceTree = "<group>"; };
		2F213E5A1F53C28200FDF731 /* HomeViewController.h */ = {isa = PBXFileReference; fileEncoding = 4; lastKnownFileType = sourcecode.c.h; path = HomeViewController.h; sourceTree = "<group>"; };
		2F213E5B1F53C28200FDF731 /* HomeViewController.m */ = {isa = PBXFileReference; fileEncoding = 4; lastKnownFileType = sourcecode.c.objc; path = HomeViewController.m; sourceTree = "<group>"; };
		2F213E5D1F53C28C00FDF731 /* VideoViewController.h */ = {isa = PBXFileReference; fileEncoding = 4; lastKnownFileType = sourcecode.c.h; path = VideoViewController.h; sourceTree = "<group>"; };
		2F213E5E1F53C28C00FDF731 /* VideoViewController.m */ = {isa = PBXFileReference; fileEncoding = 4; lastKnownFileType = sourcecode.c.objc; path = VideoViewController.m; sourceTree = "<group>"; };
		2F213E601F53C29C00FDF731 /* MessageViewController.h */ = {isa = PBXFileReference; fileEncoding = 4; lastKnownFileType = sourcecode.c.h; path = MessageViewController.h; sourceTree = "<group>"; };
		2F213E611F53C29C00FDF731 /* MessageViewController.m */ = {isa = PBXFileReference; fileEncoding = 4; lastKnownFileType = sourcecode.c.objc; path = MessageViewController.m; sourceTree = "<group>"; };
		2F213E631F53C2A100FDF731 /* MineViewController.h */ = {isa = PBXFileReference; fileEncoding = 4; lastKnownFileType = sourcecode.c.h; path = MineViewController.h; sourceTree = "<group>"; };
		2F213E641F53C2A100FDF731 /* MineViewController.m */ = {isa = PBXFileReference; fileEncoding = 4; lastKnownFileType = sourcecode.c.objc; path = MineViewController.m; sourceTree = "<group>"; };
		2F213E661F53C2A800FDF731 /* AddViewController.h */ = {isa = PBXFileReference; fileEncoding = 4; lastKnownFileType = sourcecode.c.h; path = AddViewController.h; sourceTree = "<group>"; };
		2F213E671F53C2A800FDF731 /* AddViewController.m */ = {isa = PBXFileReference; fileEncoding = 4; lastKnownFileType = sourcecode.c.objc; path = AddViewController.m; sourceTree = "<group>"; };
		2F213E691F53C2F600FDF731 /* MyNaviViewController.h */ = {isa = PBXFileReference; fileEncoding = 4; lastKnownFileType = sourcecode.c.h; path = MyNaviViewController.h; sourceTree = "<group>"; };
		2F213E6A1F53C2F600FDF731 /* MyNaviViewController.m */ = {isa = PBXFileReference; fileEncoding = 4; lastKnownFileType = sourcecode.c.objc; path = MyNaviViewController.m; sourceTree = "<group>"; };
		2F213E6C1F53E5EE00FDF731 /* UIView+Extension.h */ = {isa = PBXFileReference; fileEncoding = 4; lastKnownFileType = sourcecode.c.h; path = "UIView+Extension.h"; sourceTree = "<group>"; };
		2F213E6D1F53E5EE00FDF731 /* UIView+Extension.m */ = {isa = PBXFileReference; fileEncoding = 4; lastKnownFileType = sourcecode.c.objc; path = "UIView+Extension.m"; sourceTree = "<group>"; };
		2F213E6F1F53EE1000FDF731 /* UITabBarItem+Extension.h */ = {isa = PBXFileReference; fileEncoding = 4; lastKnownFileType = sourcecode.c.h; path = "UITabBarItem+Extension.h"; sourceTree = "<group>"; };
		2F213E701F53EE1000FDF731 /* UITabBarItem+Extension.m */ = {isa = PBXFileReference; fileEncoding = 4; lastKnownFileType = sourcecode.c.objc; path = "UITabBarItem+Extension.m"; sourceTree = "<group>"; };
		2F213E721F53FC1200FDF731 /* BaseViewController.h */ = {isa = PBXFileReference; fileEncoding = 4; lastKnownFileType = sourcecode.c.h; path = BaseViewController.h; sourceTree = "<group>"; };
		2F213E731F53FC1200FDF731 /* BaseViewController.m */ = {isa = PBXFileReference; fileEncoding = 4; lastKnownFileType = sourcecode.c.objc; path = BaseViewController.m; sourceTree = "<group>"; };
/* End PBXFileReference section */

/* Begin PBXFrameworksBuildPhase section */
		2F213E361F53C1AA00FDF731 /* Frameworks */ = {
			isa = PBXFrameworksBuildPhase;
			buildActionMask = 2147483647;
			files = (
			);
			runOnlyForDeploymentPostprocessing = 0;
		};
/* End PBXFrameworksBuildPhase section */

/* Begin PBXGroup section */
		2F213E301F53C1AA00FDF731 = {
			isa = PBXGroup;
			children = (
				2F213E3B1F53C1AA00FDF731 /* GXXP */,
				2F213E3A1F53C1AA00FDF731 /* Products */,
			);
			sourceTree = "<group>";
		};
		2F213E3A1F53C1AA00FDF731 /* Products */ = {
			isa = PBXGroup;
			children = (
				2F213E391F53C1AA00FDF731 /* GXXP.app */,
			);
			name = Products;
			sourceTree = "<group>";
		};
		2F213E3B1F53C1AA00FDF731 /* GXXP */ = {
			isa = PBXGroup;
			children = (
				2F213E3F1F53C1AA00FDF731 /* AppDelegate.h */,
				2F213E401F53C1AA00FDF731 /* AppDelegate.m */,
				2F213E531F53C1D300FDF731 /* TabBarRoot */,
				2F213E481F53C1AA00FDF731 /* Assets.xcassets */,
				2F213E4A1F53C1AA00FDF731 /* LaunchScreen.storyboard */,
				2F213E4D1F53C1AA00FDF731 /* Info.plist */,
				2F213E3C1F53C1AA00FDF731 /* Supporting Files */,
			);
			path = GXXP;
			sourceTree = "<group>";
		};
		2F213E3C1F53C1AA00FDF731 /* Supporting Files */ = {
			isa = PBXGroup;
			children = (
				2F213E3D1F53C1AA00FDF731 /* main.m */,
			);
			name = "Supporting Files";
			sourceTree = "<group>";
		};
		2F213E531F53C1D300FDF731 /* TabBarRoot */ = {
			isa = PBXGroup;
			children = (
				2F213E541F53C1E600FDF731 /* TabRootViewController.h */,
				2F213E551F53C1E600FDF731 /* TabRootViewController.m */,
				2F213E5A1F53C28200FDF731 /* HomeViewController.h */,
				2F213E5B1F53C28200FDF731 /* HomeViewController.m */,
				2F213E5D1F53C28C00FDF731 /* VideoViewController.h */,
				2F213E5E1F53C28C00FDF731 /* VideoViewController.m */,
				2F213E601F53C29C00FDF731 /* MessageViewController.h */,
				2F213E611F53C29C00FDF731 /* MessageViewController.m */,
				2F213E631F53C2A100FDF731 /* MineViewController.h */,
				2F213E641F53C2A100FDF731 /* MineViewController.m */,
				2F213E661F53C2A800FDF731 /* AddViewController.h */,
				2F213E671F53C2A800FDF731 /* AddViewController.m */,
				2F213E691F53C2F600FDF731 /* MyNaviViewController.h */,
				2F213E6A1F53C2F600FDF731 /* MyNaviViewController.m */,
				2F213E721F53FC1200FDF731 /* BaseViewController.h */,
				2F213E731F53FC1200FDF731 /* BaseViewController.m */,
				2F213E571F53C1F700FDF731 /* MyTabBar.h */,
				2F213E581F53C1F700FDF731 /* MyTabBar.m */,
				2F213E6C1F53E5EE00FDF731 /* UIView+Extension.h */,
				2F213E6D1F53E5EE00FDF731 /* UIView+Extension.m */,
				2F213E6F1F53EE1000FDF731 /* UITabBarItem+Extension.h */,
				2F213E701F53EE1000FDF731 /* UITabBarItem+Extension.m */,
			);
			name = TabBarRoot;
			sourceTree = "<group>";
		};
/* End PBXGroup section */

/* Begin PBXNativeTarget section */
		2F213E381F53C1AA00FDF731 /* GXXP */ = {
			isa = PBXNativeTarget;
			buildConfigurationList = 2F213E501F53C1AA00FDF731 /* Build configuration list for PBXNativeTarget "GXXP" */;
			buildPhases = (
				2F213E351F53C1AA00FDF731 /* Sources */,
				2F213E361F53C1AA00FDF731 /* Frameworks */,
				2F213E371F53C1AA00FDF731 /* Resources */,
			);
			buildRules = (
			);
			dependencies = (
			);
			name = GXXP;
			productName = GXXP;
			productReference = 2F213E391F53C1AA00FDF731 /* GXXP.app */;
			productType = "com.apple.product-type.application";
		};
/* End PBXNativeTarget section */

/* Begin PBXProject section */
		2F213E311F53C1AA00FDF731 /* Project object */ = {
			isa = PBXProject;
			attributes = {
				LastUpgradeCheck = 0830;
				ORGANIZATIONNAME = com.bigbird;
				TargetAttributes = {
					2F213E381F53C1AA00FDF731 = {
						CreatedOnToolsVersion = 8.3.3;
						DevelopmentTeam = 55NW2327W8;
						ProvisioningStyle = Automatic;
					};
				};
			};
			buildConfigurationList = 2F213E341F53C1AA00FDF731 /* Build configuration list for PBXProject "GXXP" */;
			compatibilityVersion = "Xcode 3.2";
			developmentRegion = English;
			hasScannedForEncodings = 0;
			knownRegions = (
				en,
				Base,
			);
			mainGroup = 2F213E301F53C1AA00FDF731;
			productRefGroup = 2F213E3A1F53C1AA00FDF731 /* Products */;
			projectDirPath = "";
			projectRoot = "";
			targets = (
				2F213E381F53C1AA00FDF731 /* GXXP */,
			);
		};
/* End PBXProject section */

/* Begin PBXResourcesBuildPhase section */
		2F213E371F53C1AA00FDF731 /* Resources */ = {
			isa = PBXResourcesBuildPhase;
			buildActionMask = 2147483647;
			files = (
				2F213E4C1F53C1AA00FDF731 /* LaunchScreen.storyboard in Resources */,
				2F213E491F53C1AA00FDF731 /* Assets.xcassets in Resources */,
			);
			runOnlyForDeploymentPostprocessing = 0;
		};
/* End PBXResourcesBuildPhase section */

/* Begin PBXSourcesBuildPhase section */
		2F213E351F53C1AA00FDF731 /* Sources */ = {
			isa = PBXSourcesBuildPhase;
			buildActionMask = 2147483647;
			files = (
				2F213E411F53C1AA00FDF731 /* AppDelegate.m in Sources */,
				2F213E561F53C1E600FDF731 /* TabRootViewController.m in Sources */,
				2F213E6E1F53E5EE00FDF731 /* UIView+Extension.m in Sources */,
				2F213E5F1F53C28C00FDF731 /* VideoViewController.m in Sources */,
				2F213E3E1F53C1AA00FDF731 /* main.m in Sources */,
				2F213E5C1F53C28200FDF731 /* HomeViewController.m in Sources */,
				2F213E591F53C1F700FDF731 /* MyTabBar.m in Sources */,
				2F213E621F53C29C00FDF731 /* MessageViewController.m in Sources */,
				2F213E711F53EE1000FDF731 /* UITabBarItem+Extension.m in Sources */,
				2F213E741F53FC1200FDF731 /* BaseViewController.m in Sources */,
				2F213E651F53C2A100FDF731 /* MineViewController.m in Sources */,
				2F213E6B1F53C2F600FDF731 /* MyNaviViewController.m in Sources */,
				2F213E681F53C2A800FDF731 /* AddViewController.m in Sources */,
			);
			runOnlyForDeploymentPostprocessing = 0;
		};
/* End PBXSourcesBuildPhase section */

/* Begin PBXVariantGroup section */
		2F213E4A1F53C1AA00FDF731 /* LaunchScreen.storyboard */ = {
			isa = PBXVariantGroup;
			children = (
				2F213E4B1F53C1AA00FDF731 /* Base */,
			);
			name = LaunchScreen.storyboard;
			sourceTree = "<group>";
		};
/* End PBXVariantGroup section */

/* Begin XCBuildConfiguration section */
		2F213E4E1F53C1AA00FDF731 /* Debug */ = {
			isa = XCBuildConfiguration;
			buildSettings = {
				ALWAYS_SEARCH_USER_PATHS = NO;
				CLANG_ANALYZER_NONNULL = YES;
				CLANG_ANALYZER_NUMBER_OBJECT_CONVERSION = YES_AGGRESSIVE;
				CLANG_CXX_LANGUAGE_STANDARD = "gnu++0x";
				CLANG_CXX_LIBRARY = "libc++";
				CLANG_ENABLE_MODULES = YES;
				CLANG_ENABLE_OBJC_ARC = YES;
				CLANG_WARN_BOOL_CONVERSION = YES;
				CLANG_WARN_CONSTANT_CONVERSION = YES;
				CLANG_WARN_DIRECT_OBJC_ISA_USAGE = YES_ERROR;
				CLANG_WARN_DOCUMENTATION_COMMENTS = YES;
				CLANG_WARN_EMPTY_BODY = YES;
				CLANG_WARN_ENUM_CONVERSION = YES;
				CLANG_WARN_INFINITE_RECURSION = YES;
				CLANG_WARN_INT_CONVERSION = YES;
				CLANG_WARN_OBJC_ROOT_CLASS = YES_ERROR;
				CLANG_WARN_SUSPICIOUS_MOVE = YES;
				CLANG_WARN_UNREACHABLE_CODE = YES;
				CLANG_WARN__DUPLICATE_METHOD_MATCH = YES;
				"CODE_SIGN_IDENTITY[sdk=iphoneos*]" = "iPhone Developer";
				COPY_PHASE_STRIP = NO;
				DEBUG_INFORMATION_FORMAT = dwarf;
				ENABLE_STRICT_OBJC_MSGSEND = YES;
				ENABLE_TESTABILITY = YES;
				GCC_C_LANGUAGE_STANDARD = gnu99;
				GCC_DYNAMIC_NO_PIC = NO;
				GCC_NO_COMMON_BLOCKS = YES;
				GCC_OPTIMIZATION_LEVEL = 0;
				GCC_PREPROCESSOR_DEFINITIONS = (
					"DEBUG=1",
					"$(inherited)",
				);
				GCC_WARN_64_TO_32_BIT_CONVERSION = YES;
				GCC_WARN_ABOUT_RETURN_TYPE = YES_ERROR;
				GCC_WARN_UNDECLARED_SELECTOR = YES;
				GCC_WARN_UNINITIALIZED_AUTOS = YES_AGGRESSIVE;
				GCC_WARN_UNUSED_FUNCTION = YES;
				GCC_WARN_UNUSED_VARIABLE = YES;
				IPHONEOS_DEPLOYMENT_TARGET = 10.3;
				MTL_ENABLE_DEBUG_INFO = YES;
				ONLY_ACTIVE_ARCH = YES;
				SDKROOT = iphoneos;
			};
			name = Debug;
		};
		2F213E4F1F53C1AA00FDF731 /* Release */ = {
			isa = XCBuildConfiguration;
			buildSettings = {
				ALWAYS_SEARCH_USER_PATHS = NO;
				CLANG_ANALYZER_NONNULL = YES;
				CLANG_ANALYZER_NUMBER_OBJECT_CONVERSION = YES_AGGRESSIVE;
				CLANG_CXX_LANGUAGE_STANDARD = "gnu++0x";
				CLANG_CXX_LIBRARY = "libc++";
				CLANG_ENABLE_MODULES = YES;
				CLANG_ENABLE_OBJC_ARC = YES;
				CLANG_WARN_BOOL_CONVERSION = YES;
				CLANG_WARN_CONSTANT_CONVERSION = YES;
				CLANG_WARN_DIRECT_OBJC_ISA_USAGE = YES_ERROR;
				CLANG_WARN_DOCUMENTATION_COMMENTS = YES;
				CLANG_WARN_EMPTY_BODY = YES;
				CLANG_WARN_ENUM_CONVERSION = YES;
				CLANG_WARN_INFINITE_RECURSION = YES;
				CLANG_WARN_INT_CONVERSION = YES;
				CLANG_WARN_OBJC_ROOT_CLASS = YES_ERROR;
				CLANG_WARN_SUSPICIOUS_MOVE = YES;
				CLANG_WARN_UNREACHABLE_CODE = YES;
				CLANG_WARN__DUPLICATE_METHOD_MATCH = YES;
				"CODE_SIGN_IDENTITY[sdk=iphoneos*]" = "iPhone Developer";
				COPY_PHASE_STRIP = NO;
				DEBUG_INFORMATION_FORMAT = "dwarf-with-dsym";
				ENABLE_NS_ASSERTIONS = NO;
				ENABLE_STRICT_OBJC_MSGSEND = YES;
				GCC_C_LANGUAGE_STANDARD = gnu99;
				GCC_NO_COMMON_BLOCKS = YES;
				GCC_WARN_64_TO_32_BIT_CONVERSION = YES;
				GCC_WARN_ABOUT_RETURN_TYPE = YES_ERROR;
				GCC_WARN_UNDECLARED_SELECTOR = YES;
				GCC_WARN_UNINITIALIZED_AUTOS = YES_AGGRESSIVE;
				GCC_WARN_UNUSED_FUNCTION = YES;
				GCC_WARN_UNUSED_VARIABLE = YES;
				IPHONEOS_DEPLOYMENT_TARGET = 10.3;
				MTL_ENABLE_DEBUG_INFO = NO;
				SDKROOT = iphoneos;
				VALIDATE_PRODUCT = YES;
			};
			name = Release;
		};
		2F213E511F53C1AA00FDF731 /* Debug */ = {
			isa = XCBuildConfiguration;
			buildSettings = {
				ASSETCATALOG_COMPILER_APPICON_NAME = AppIcon;
				DEVELOPMENT_TEAM = 55NW2327W8;
				INFOPLIST_FILE = GXXP/Info.plist;
				LD_RUNPATH_SEARCH_PATHS = "$(inherited) @executable_path/Frameworks";
				PRODUCT_BUNDLE_IDENTIFIER = com.bigbird.GXXP;
				PRODUCT_NAME = "$(TARGET_NAME)";
			};
			name = Debug;
		};
		2F213E521F53C1AA00FDF731 /* Release */ = {
			isa = XCBuildConfiguration;
			buildSettings = {
				ASSETCATALOG_COMPILER_APPICON_NAME = AppIcon;
				DEVELOPMENT_TEAM = 55NW2327W8;
				INFOPLIST_FILE = GXXP/Info.plist;
				LD_RUNPATH_SEARCH_PATHS = "$(inherited) @executable_path/Frameworks";
				PRODUCT_BUNDLE_IDENTIFIER = com.bigbird.GXXP;
				PRODUCT_NAME = "$(TARGET_NAME)";
			};
			name = Release;
		};
/* End XCBuildConfiguration section */

/* Begin XCConfigurationList section */
		2F213E341F53C1AA00FDF731 /* Build configuration list for PBXProject "GXXP" */ = {
			isa = XCConfigurationList;
			buildConfigurations = (
				2F213E4E1F53C1AA00FDF731 /* Debug */,
				2F213E4F1F53C1AA00FDF731 /* Release */,
			);
			defaultConfigurationIsVisible = 0;
			defaultConfigurationName = Release;
		};
		2F213E501F53C1AA00FDF731 /* Build configuration list for PBXNativeTarget "GXXP" */ = {
			isa = XCConfigurationList;
			buildConfigurations = (
				2F213E511F53C1AA00FDF731 /* Debug */,
				2F213E521F53C1AA00FDF731 /* Release */,
			);
			defaultConfigurationIsVisible = 0;
			defaultConfigurationName = Release;
		};
/* End XCConfigurationList section */
	};
	rootObject = 2F213E311F53C1AA00FDF731 /* Project object */;
}
